
Microsoft Visual Studio Solution File, Format Version 12.00
Project("{FAE04EC0-301F-11D3-BF4B-00C04F79EFBC}") = "Sanchez.Blog", "Sanchez.Blog\Sanchez.Blog.csproj", "{33BCB8A2-F858-40D5-9258-1924F6866EDB}"
EndProject
Project("{F2A71F9B-5D33-465A-A702-920D77279786}") = "Sanchez.Blog.Services", "Sanchez.Blog.Services\Sanchez.Blog.Services.fsproj", "{F130FFE0-A83A-4272-BB29-4598231A30B9}"
EndProject
Project("{F2A71F9B-5D33-465A-A702-920D77279786}") = "Sanchez.Blog.Core", "Sanchez.Blog.Core\Sanchez.Blog.Core.fsproj", "{9FE6CEC1-6C1A-4CE0-883E-AC663C20A1D5}"
EndProject
Global
	GlobalSection(SolutionConfigurationPlatforms) = preSolution
		Debug|Any CPU = Debug|Any CPU
		Release|Any CPU = Release|Any CPU
	EndGlobalSection
	GlobalSection(ProjectConfigurationPlatforms) = postSolution
		{33BCB8A2-F858-40D5-9258-1924F6866EDB}.Debug|Any CPU.ActiveCfg = Debug|Any CPU
		{33BCB8A2-F858-40D5-9258-1924F6866EDB}.Debug|Any CPU.Build.0 = Debug|Any CPU
		{33BCB8A2-F858-40D5-9258-1924F6866EDB}.Release|Any CPU.ActiveCfg = Release|Any CPU
		{33BCB8A2-F858-40D5-9258-1924F6866EDB}.Release|Any CPU.Build.0 = Release|Any CPU
		{F130FFE0-A83A-4272-BB29-4598231A30B9}.Debug|Any CPU.ActiveCfg = Debug|Any CPU
		{F130FFE0-A83A-4272-BB29-4598231A30B9}.Debug|Any CPU.Build.0 = Debug|Any CPU
		{F130FFE0-A83A-4272-BB29-4598231A30B9}.Release|Any CPU.ActiveCfg = Release|Any CPU
		{F130FFE0-A83A-4272-BB29-4598231A30B9}.Release|Any CPU.Build.0 = Release|Any CPU
		{9FE6CEC1-6C1A-4CE0-883E-AC663C20A1D5}.Debug|Any CPU.ActiveCfg = Debug|Any CPU
		{9FE6CEC1-6C1A-4CE0-883E-AC663C20A1D5}.Debug|Any CPU.Build.0 = Debug|Any CPU
		{9FE6CEC1-6C1A-4CE0-883E-AC663C20A1D5}.Release|Any CPU.ActiveCfg = Release|Any CPU
		{9FE6CEC1-6C1A-4CE0-883E-AC663C20A1D5}.Release|Any CPU.Build.0 = Release|Any CPU
	EndGlobalSection
EndGlobal
